// !$*UTF8*$!
{
	archiveVersion = 1;
	classes = {
	};
	objectVersion = 46;
	objects = {

/* Begin PBXBuildFile section */
		8B8348D81748F4C7008C062B /* Foundation.framework in Frameworks */ = {isa = PBXBuildFile; fileRef = 8B8348D71748F4C7008C062B /* Foundation.framework */; };
		8B8348DE1748F4C7008C062B /* InfoPlist.strings in Resources */ = {isa = PBXBuildFile; fileRef = 8B8348DC1748F4C7008C062B /* InfoPlist.strings */; };
		8B8348E71748F4C7008C062B /* SenTestingKit.framework in Frameworks */ = {isa = PBXBuildFile; fileRef = 8B8348E61748F4C7008C062B /* SenTestingKit.framework */; };
		8B8348E91748F4C7008C062B /* UIKit.framework in Frameworks */ = {isa = PBXBuildFile; fileRef = 8B8348E81748F4C7008C062B /* UIKit.framework */; };
		8B8348EA1748F4C7008C062B /* Foundation.framework in Frameworks */ = {isa = PBXBuildFile; fileRef = 8B8348D71748F4C7008C062B /* Foundation.framework */; };
		8B8348EF1748F4C7008C062B /* icu4c_ios.framework in Frameworks */ = {isa = PBXBuildFile; fileRef = 8B8348D41748F4C7008C062B /* icu4c_ios.framework */; };
		8B8348F51748F4C7008C062B /* InfoPlist.strings in Resources */ = {isa = PBXBuildFile; fileRef = 8B8348F31748F4C7008C062B /* InfoPlist.strings */; };
		8B8348F81748F4C7008C062B /* icu4c_iosTests.m in Sources */ = {isa = PBXBuildFile; fileRef = 8B8348F71748F4C7008C062B /* icu4c_iosTests.m */; };
/* End PBXBuildFile section */

/* Begin PBXContainerItemProxy section */
		8B8348EB1748F4C7008C062B /* PBXContainerItemProxy */ = {
			isa = PBXContainerItemProxy;
			containerPortal = 8B8348C81748F4C7008C062B /* Project object */;
			proxyType = 1;
			remoteGlobalIDString = 8B8348D31748F4C7008C062B;
			remoteInfo = icu4c_ios;
		};
		8B8348ED1748F4C7008C062B /* PBXContainerItemProxy */ = {
			isa = PBXContainerItemProxy;
			containerPortal = 8B8348C81748F4C7008C062B /* Project object */;
			proxyType = 1;
			remoteGlobalIDString = 8B8348D31748F4C7008C062B;
			remoteInfo = icu4c_ios;
		};
/* End PBXContainerItemProxy section */

/* Begin PBXFileReference section */
		8B8348D41748F4C7008C062B /* icu4c_ios.framework */ = {isa = PBXFileReference; explicitFileType = wrapper.framework.static; includeInIndex = 0; path = icu4c_ios.framework; sourceTree = BUILT_PRODUCTS_DIR; };
		8B8348D71748F4C7008C062B /* Foundation.framework */ = {isa = PBXFileReference; lastKnownFileType = wrapper.framework; name = Foundation.framework; path = System/Library/Frameworks/Foundation.framework; sourceTree = SDKROOT; };
		8B8348DB1748F4C7008C062B /* icu4c_ios-Info.plist */ = {isa = PBXFileReference; lastKnownFileType = text.plist.xml; path = "icu4c_ios-Info.plist"; sourceTree = "<group>"; };
		8B8348DD1748F4C7008C062B /* en */ = {isa = PBXFileReference; lastKnownFileType = text.plist.strings; name = en; path = en.lproj/InfoPlist.strings; sourceTree = "<group>"; };
		8B8348DF1748F4C7008C062B /* icu4c_ios-Prefix.pch */ = {isa = PBXFileReference; lastKnownFileType = sourcecode.c.h; path = "icu4c_ios-Prefix.pch"; sourceTree = "<group>"; };
		8B8348E51748F4C7008C062B /* icu4c_iosTests.octest */ = {isa = PBXFileReference; explicitFileType = wrapper.cfbundle; includeInIndex = 0; path = icu4c_iosTests.octest; sourceTree = BUILT_PRODUCTS_DIR; };
		8B8348E61748F4C7008C062B /* SenTestingKit.framework */ = {isa = PBXFileReference; lastKnownFileType = wrapper.framework; name = SenTestingKit.framework; path = Library/Frameworks/SenTestingKit.framework; sourceTree = DEVELOPER_DIR; };
		8B8348E81748F4C7008C062B /* UIKit.framework */ = {isa = PBXFileReference; lastKnownFileType = wrapper.framework; name = UIKit.framework; path = Library/Frameworks/UIKit.framework; sourceTree = DEVELOPER_DIR; };
		8B8348F21748F4C7008C062B /* icu4c_iosTests-Info.plist */ = {isa = PBXFileReference; lastKnownFileType = text.plist.xml; path = "icu4c_iosTests-Info.plist"; sourceTree = "<group>"; };
		8B8348F41748F4C7008C062B /* en */ = {isa = PBXFileReference; lastKnownFileType = text.plist.strings; name = en; path = en.lproj/InfoPlist.strings; sourceTree = "<group>"; };
		8B8348F61748F4C7008C062B /* icu4c_iosTests.h */ = {isa = PBXFileReference; lastKnownFileType = sourcecode.c.h; path = icu4c_iosTests.h; sourceTree = "<group>"; };
		8B8348F71748F4C7008C062B /* icu4c_iosTests.m */ = {isa = PBXFileReference; lastKnownFileType = sourcecode.c.objc; path = icu4c_iosTests.m; sourceTree = "<group>"; };
/* End PBXFileReference section */

/* Begin PBXFrameworksBuildPhase section */
		8B8348CE1748F4C7008C062B /* Frameworks */ = {
			isa = PBXFrameworksBuildPhase;
			buildActionMask = 2147483647;
			files = (
				8B8348D81748F4C7008C062B /* Foundation.framework in Frameworks */,
			);
			runOnlyForDeploymentPostprocessing = 0;
		};
		8B8348E11748F4C7008C062B /* Frameworks */ = {
			isa = PBXFrameworksBuildPhase;
			buildActionMask = 2147483647;
			files = (
				8B8348E71748F4C7008C062B /* SenTestingKit.framework in Frameworks */,
				8B8348E91748F4C7008C062B /* UIKit.framework in Frameworks */,
				8B8348EA1748F4C7008C062B /* Foundation.framework in Frameworks */,
				8B8348EF1748F4C7008C062B /* icu4c_ios.framework in Frameworks */,
			);
			runOnlyForDeploymentPostprocessing = 0;
		};
/* End PBXFrameworksBuildPhase section */

/* Begin PBXGroup section */
		8B8348C71748F4C7008C062B = {
			isa = PBXGroup;
			children = (
				8B8348D91748F4C7008C062B /* icu4c_ios */,
				8B8348F01748F4C7008C062B /* icu4c_iosTests */,
				8B8348D61748F4C7008C062B /* Frameworks */,
				8B8348D51748F4C7008C062B /* Products */,
			);
			sourceTree = "<group>";
		};
		8B8348D51748F4C7008C062B /* Products */ = {
			isa = PBXGroup;
			children = (
				8B8348D41748F4C7008C062B /* icu4c_ios.framework */,
				8B8348E51748F4C7008C062B /* icu4c_iosTests.octest */,
			);
			name = Products;
			sourceTree = "<group>";
		};
		8B8348D61748F4C7008C062B /* Frameworks */ = {
			isa = PBXGroup;
			children = (
				8B8348D71748F4C7008C062B /* Foundation.framework */,
				8B8348E61748F4C7008C062B /* SenTestingKit.framework */,
				8B8348E81748F4C7008C062B /* UIKit.framework */,
			);
			name = Frameworks;
			sourceTree = "<group>";
		};
		8B8348D91748F4C7008C062B /* icu4c_ios */ = {
			isa = PBXGroup;
			children = (
				8B8348DA1748F4C7008C062B /* Supporting Files */,
			);
			path = icu4c_ios;
			sourceTree = "<group>";
		};
		8B8348DA1748F4C7008C062B /* Supporting Files */ = {
			isa = PBXGroup;
			children = (
				8B8348DB1748F4C7008C062B /* icu4c_ios-Info.plist */,
				8B8348DC1748F4C7008C062B /* InfoPlist.strings */,
				8B8348DF1748F4C7008C062B /* icu4c_ios-Prefix.pch */,
			);
			name = "Supporting Files";
			sourceTree = "<group>";
		};
		8B8348F01748F4C7008C062B /* icu4c_iosTests */ = {
			isa = PBXGroup;
			children = (
				8B8348F61748F4C7008C062B /* icu4c_iosTests.h */,
				8B8348F71748F4C7008C062B /* icu4c_iosTests.m */,
				8B8348F11748F4C7008C062B /* Supporting Files */,
			);
			path = icu4c_iosTests;
			sourceTree = "<group>";
		};
		8B8348F11748F4C7008C062B /* Supporting Files */ = {
			isa = PBXGroup;
			children = (
				8B8348F21748F4C7008C062B /* icu4c_iosTests-Info.plist */,
				8B8348F31748F4C7008C062B /* InfoPlist.strings */,
			);
			name = "Supporting Files";
			sourceTree = "<group>";
		};
/* End PBXGroup section */

/* Begin PBXHeadersBuildPhase section */
		8B8348CF1748F4C7008C062B /* Headers */ = {
			isa = PBXHeadersBuildPhase;
			buildActionMask = 2147483647;
			files = (
			);
			runOnlyForDeploymentPostprocessing = 0;
		};
/* End PBXHeadersBuildPhase section */

/* Begin PBXNativeTarget section */
		8B8348D31748F4C7008C062B /* icu4c_ios */ = {
			isa = PBXNativeTarget;
			buildConfigurationList = 8B8348FB1748F4C7008C062B /* Build configuration list for PBXNativeTarget "icu4c_ios" */;
			buildPhases = (
				8B8348CC1748F4C7008C062B /* ShellScript */,
				8B8348CD1748F4C7008C062B /* Sources */,
				8B8348CE1748F4C7008C062B /* Frameworks */,
				8B8348CF1748F4C7008C062B /* Headers */,
				8B8348D01748F4C7008C062B /* Resources */,
				8B8348D11748F4C7008C062B /* ShellScript */,
				8B8348D21748F4C7008C062B /* ShellScript */,
			);
			buildRules = (
			);
			dependencies = (
			);
			name = icu4c_ios;
			productName = icu4c_ios;
			productReference = 8B8348D41748F4C7008C062B /* icu4c_ios.framework */;
			productType = "com.apple.product-type.framework.static";
		};
		8B8348E41748F4C7008C062B /* icu4c_iosTests */ = {
			isa = PBXNativeTarget;
			buildConfigurationList = 8B8348FE1748F4C7008C062B /* Build configuration list for PBXNativeTarget "icu4c_iosTests" */;
			buildPhases = (
				8B8348E01748F4C7008C062B /* Sources */,
				8B8348E11748F4C7008C062B /* Frameworks */,
				8B8348E21748F4C7008C062B /* Resources */,
				8B8348E31748F4C7008C062B /* ShellScript */,
			);
			buildRules = (
			);
			dependencies = (
				8B8348EC1748F4C7008C062B /* PBXTargetDependency */,
				8B8348EE1748F4C7008C062B /* PBXTargetDependency */,
			);
			name = icu4c_iosTests;
			productName = icu4c_iosTests;
			productReference = 8B8348E51748F4C7008C062B /* icu4c_iosTests.octest */;
			productType = "com.apple.product-type.bundle";
		};
/* End PBXNativeTarget section */

/* Begin PBXProject section */
		8B8348C81748F4C7008C062B /* Project object */ = {
			isa = PBXProject;
			attributes = {
				LastUpgradeCheck = 0460;
				ORGANIZATIONNAME = chtian;
			};
			buildConfigurationList = 8B8348CB1748F4C7008C062B /* Build configuration list for PBXProject "icu4c_ios" */;
			compatibilityVersion = "Xcode 3.2";
			developmentRegion = English;
			hasScannedForEncodings = 0;
			knownRegions = (
				en,
			);
			mainGroup = 8B8348C71748F4C7008C062B;
			productRefGroup = 8B8348D51748F4C7008C062B /* Products */;
			projectDirPath = "";
			projectRoot = "";
			targets = (
				8B8348D31748F4C7008C062B /* icu4c_ios */,
				8B8348E41748F4C7008C062B /* icu4c_iosTests */,
			);
		};
/* End PBXProject section */

/* Begin PBXResourcesBuildPhase section */
		8B8348D01748F4C7008C062B /* Resources */ = {
			isa = PBXResourcesBuildPhase;
			buildActionMask = 2147483647;
			files = (
				8B8348DE1748F4C7008C062B /* InfoPlist.strings in Resources */,
			);
			runOnlyForDeploymentPostprocessing = 0;
		};
		8B8348E21748F4C7008C062B /* Resources */ = {
			isa = PBXResourcesBuildPhase;
			buildActionMask = 2147483647;
			files = (
				8B8348F51748F4C7008C062B /* InfoPlist.strings in Resources */,
			);
			runOnlyForDeploymentPostprocessing = 0;
		};
/* End PBXResourcesBuildPhase section */

/* Begin PBXShellScriptBuildPhase section */
		8B8348CC1748F4C7008C062B /* ShellScript */ = {
			isa = PBXShellScriptBuildPhase;
			buildActionMask = 2147483647;
			files = (
			);
			inputPaths = (
			);
			outputPaths = (
			);
			runOnlyForDeploymentPostprocessing = 0;
			shellPath = /bin/sh;
			shellScript = "set -e\n\nset +u\nif [[ $UFW_MASTER_SCRIPT_RUNNING ]]\nthen\n    # Nothing for the slave script to do\n    exit 0\nfi\nset -u\n\nif [[ \"$SDK_NAME\" =~ ([A-Za-z]+) ]]\nthen\n    UFW_SDK_PLATFORM=${BASH_REMATCH[1]}\nelse\n    echo \"Could not find platform name from SDK_NAME: $SDK_NAME\"\n    exit 1\nfi\n\nif [[ \"$SDK_NAME\" =~ ([0-9]+.*$) ]]\nthen\n\tUFW_SDK_VERSION=${BASH_REMATCH[1]}\nelse\n    echo \"Could not find sdk version  from SDK_NAME: $SDK_NAME\"\n    exit 1\nfi\n\nif [[ \"$UFW_SDK_PLATFORM\" = \"iphoneos\" ]]\nthen\n    UFW_OTHER_PLATFORM=iphonesimulator\nelse\n    UFW_OTHER_PLATFORM=iphoneos\nfi\n\nif [[ \"$BUILT_PRODUCTS_DIR\" =~ (.*)$UFW_SDK_PLATFORM$ ]]\nthen\n    UFW_OTHER_BUILT_PRODUCTS_DIR=\"${BASH_REMATCH[1]}${UFW_OTHER_PLATFORM}\"\nelse\n    echo \"Could not find $UFW_SDK_PLATFORM in $BUILT_PRODUCTS_DIR\"\n    exit 1\nfi\n\nONLY_ACTIVE_PLATFORM=${ONLY_ACTIVE_PLATFORM:-$ONLY_ACTIVE_ARCH}\n\n# Short-circuit if all binaries are up to date\n\nif [[ -f \"${BUILT_PRODUCTS_DIR}/${EXECUTABLE_PATH}\" ]] && \\\n   [[ -f \"${BUILT_PRODUCTS_DIR}/${PRODUCT_NAME}.embeddedframework/${EXECUTABLE_PATH}\" ]] && \\\n   [[ ! \"${BUILT_PRODUCTS_DIR}/${EXECUTABLE_PATH}\" -nt \"${BUILT_PRODUCTS_DIR}/${PRODUCT_NAME}.embeddedframework/${EXECUTABLE_PATH}\" ]] && \\\n  ([[ \"${ONLY_ACTIVE_PLATFORM}\" == \"YES\" ]] || \\\n    ([[ -f \"${UFW_OTHER_BUILT_PRODUCTS_DIR}/${EXECUTABLE_PATH}\" ]] && \\\n     [[ -f \"${UFW_OTHER_BUILT_PRODUCTS_DIR}/${PRODUCT_NAME}.embeddedframework/${EXECUTABLE_PATH}\" ]] && \\\n     [[ ! \"${UFW_OTHER_BUILT_PRODUCTS_DIR}/${EXECUTABLE_PATH}\" -nt \"${UFW_OTHER_BUILT_PRODUCTS_DIR}/${PRODUCT_NAME}.embeddedframework/${EXECUTABLE_PATH}\" ]]\n    )\n  )\nthen\n    exit 0\nfi\n\n\n# Clean other platform if needed\n\nif [[ ! -f \"${BUILT_PRODUCTS_DIR}/${EXECUTABLE_PATH}\" ]] && [[ \"${ONLY_ACTIVE_PLATFORM}\" != \"YES\" ]]\nthen\n\techo \"Platform \\\"$UFW_SDK_PLATFORM\\\" was cleaned recently. Cleaning \\\"$UFW_OTHER_PLATFORM\\\" as well\"\n\techo xcodebuild -project \"${PROJECT_FILE_PATH}\" -target \"${TARGET_NAME}\" -configuration \"${CONFIGURATION}\" -sdk ${UFW_OTHER_PLATFORM}${UFW_SDK_VERSION} BUILD_DIR=\"${BUILD_DIR}\" CONFIGURATION_TEMP_DIR=\"${PROJECT_TEMP_DIR}/${CONFIGURATION}-${UFW_OTHER_PLATFORM}\" clean\n\txcodebuild -project \"${PROJECT_FILE_PATH}\" -target \"${TARGET_NAME}\" -configuration \"${CONFIGURATION}\" -sdk ${UFW_OTHER_PLATFORM}${UFW_SDK_VERSION} BUILD_DIR=\"${BUILD_DIR}\" CONFIGURATION_TEMP_DIR=\"${PROJECT_TEMP_DIR}/${CONFIGURATION}-${UFW_OTHER_PLATFORM}\" clean\nfi\n\n\n# Make sure we are building from fresh binaries\n\nrm -rf \"${BUILT_PRODUCTS_DIR}/${EXECUTABLE_PATH}\"\nrm -rf \"${BUILT_PRODUCTS_DIR}/${PRODUCT_NAME}.embeddedframework\"\n\nif [[ \"${ONLY_ACTIVE_PLATFORM}\" != \"YES\" ]]\nthen\n    rm -rf \"${UFW_OTHER_BUILT_PRODUCTS_DIR}/${EXECUTABLE_PATH}\"\n    rm -rf \"${UFW_OTHER_BUILT_PRODUCTS_DIR}/${PRODUCT_NAME}.embeddedframework\"\nfi\n";
		};
		8B8348D11748F4C7008C062B /* ShellScript */ = {
			isa = PBXShellScriptBuildPhase;
			buildActionMask = 2147483647;
			files = (
			);
			inputPaths = (
			);
			outputPaths = (
			);
			runOnlyForDeploymentPostprocessing = 0;
			shellPath = /bin/sh;
			shellScript = "HEADERS_ROOT=$SRCROOT/$PRODUCT_NAME\nFRAMEWORK_HEADERS_DIR=\"$BUILT_PRODUCTS_DIR/$WRAPPER_NAME/Versions/$FRAMEWORK_VERSION/Headers\"\n\n## only header files expected at this point\nPUBLIC_HEADERS=$(find $FRAMEWORK_HEADERS_DIR/. -not -type d 2> /dev/null | sed -e \"s@.*/@@g\")\n\nFIND_OPTS=\"\"\nfor PUBLIC_HEADER in $PUBLIC_HEADERS; do\n  if [ -n \"$FIND_OPTS\" ]; then\n    FIND_OPTS=\"$FIND_OPTS -o\"\n  fi\n  FIND_OPTS=\"$FIND_OPTS -name '$PUBLIC_HEADER'\"\ndone\n\nif [ -n \"$FIND_OPTS\" ]; then\n  for ORIG_HEADER in $(eval \"find $HEADERS_ROOT/. $FIND_OPTS\" 2> /dev/null | sed -e \"s@^$HEADERS_ROOT/./@@g\"); do\n    PUBLIC_HEADER=$(basename $ORIG_HEADER)\n    RELATIVE_PATH=$(dirname $ORIG_HEADER)\n    if [ -e $FRAMEWORK_HEADERS_DIR/$PUBLIC_HEADER ]; then\n      mkdir -p \"$FRAMEWORK_HEADERS_DIR/$RELATIVE_PATH\"\n      mv \"$FRAMEWORK_HEADERS_DIR/$PUBLIC_HEADER\" \"$FRAMEWORK_HEADERS_DIR/$RELATIVE_PATH/$PUBLIC_HEADER\"\n    fi\n  done\nfi\n";
		};
		8B8348D21748F4C7008C062B /* ShellScript */ = {
			isa = PBXShellScriptBuildPhase;
			buildActionMask = 2147483647;
			files = (
			);
			inputPaths = (
			);
			outputPaths = (
			);
			runOnlyForDeploymentPostprocessing = 0;
			shellPath = /bin/sh;
			shellScript = "set -e\n\nset +u\nif [[ $UFW_MASTER_SCRIPT_RUNNING ]]\nthen\n    # Nothing for the slave script to do\n    exit 0\nfi\nset -u\nexport UFW_MASTER_SCRIPT_RUNNING=1\n\n\n# Functions\n\n## List files in the specified directory, storing to the specified array.\n#\n# @param $1 The path to list\n# @param $2 The name of the array to fill\n#\n##\nlist_files ()\n{\n    filelist=$(ls \"$1\")\n    while read line\n    do\n        eval \"$2[\\${#$2[*]}]=\\\"\\$line\\\"\"\n    done <<< \"$filelist\"\n}\n\n\n# Sanity check\n\nif [[ ! -f \"${BUILT_PRODUCTS_DIR}/${EXECUTABLE_PATH}\" ]]\nthen\n    echo \"Framework target \\\"${TARGET_NAME}\\\" had no source files to build from. Make sure your source files have the correct target membership\"\n    exit 1\nfi\n\n\n# Gather information\n\nif [[ \"$SDK_NAME\" =~ ([A-Za-z]+) ]]\nthen\n    UFW_SDK_PLATFORM=${BASH_REMATCH[1]}\nelse\n    echo \"Could not find platform name from SDK_NAME: $SDK_NAME\"\n    exit 1\nfi\n\nif [[ \"$SDK_NAME\" =~ ([0-9]+.*$) ]]\nthen\n    UFW_SDK_VERSION=${BASH_REMATCH[1]}\nelse\n    echo \"Could not find sdk version from SDK_NAME: $SDK_NAME\"\n    exit 1\nfi\n\nif [[ \"$UFW_SDK_PLATFORM\" = \"iphoneos\" ]]\nthen\n    UFW_OTHER_PLATFORM=iphonesimulator\nelse\n    UFW_OTHER_PLATFORM=iphoneos\nfi\n\nif [[ \"$BUILT_PRODUCTS_DIR\" =~ (.*)$UFW_SDK_PLATFORM$ ]]\nthen\n    UFW_OTHER_BUILT_PRODUCTS_DIR=\"${BASH_REMATCH[1]}${UFW_OTHER_PLATFORM}\"\nelse\n    echo \"Could not find $UFW_SDK_PLATFORM in $BUILT_PRODUCTS_DIR\"\n    exit 1\nfi\n\nONLY_ACTIVE_PLATFORM=${ONLY_ACTIVE_PLATFORM:-$ONLY_ACTIVE_ARCH}\n\n# Short-circuit if all binaries are up to date.\n# We already checked the other platform in the prerun script.\n\nif [[ -f \"${BUILT_PRODUCTS_DIR}/${EXECUTABLE_PATH}\" ]] && [[ -f \"${BUILT_PRODUCTS_DIR}/${PRODUCT_NAME}.embeddedframework/${EXECUTABLE_PATH}\" ]] && [[ ! \"${BUILT_PRODUCTS_DIR}/${EXECUTABLE_PATH}\" -nt \"${BUILT_PRODUCTS_DIR}/${PRODUCT_NAME}.embeddedframework/${EXECUTABLE_PATH}\" ]]\nthen\n    exit 0\nfi\n\nif [ \"${ONLY_ACTIVE_PLATFORM}\" == \"YES\" ]\nthen\n    echo \"ONLY_ACTIVE_PLATFORM=${ONLY_ACTIVE_PLATFORM}: Skipping other platform build\"\nelse\n    # Make sure the other platform gets built\n    \n    echo \"Build other platform\"\n    \n    echo xcodebuild -project \"${PROJECT_FILE_PATH}\" -target \"${TARGET_NAME}\" -configuration \"${CONFIGURATION}\" -sdk ${UFW_OTHER_PLATFORM}${UFW_SDK_VERSION} BUILD_DIR=\"${BUILD_DIR}\" CONFIGURATION_TEMP_DIR=\"${PROJECT_TEMP_DIR}/${CONFIGURATION}-${UFW_OTHER_PLATFORM}\" $ACTION\n    xcodebuild -project \"${PROJECT_FILE_PATH}\" -target \"${TARGET_NAME}\" -configuration \"${CONFIGURATION}\" -sdk ${UFW_OTHER_PLATFORM}${UFW_SDK_VERSION} BUILD_DIR=\"${BUILD_DIR}\" CONFIGURATION_TEMP_DIR=\"${PROJECT_TEMP_DIR}/${CONFIGURATION}-${UFW_OTHER_PLATFORM}\" $ACTION\n    \n    \n    # Build the fat static library binary\n    \n    echo \"Create universal static library\"\n    \n    echo \"$PLATFORM_DEVELOPER_BIN_DIR/libtool\" -static \"${BUILT_PRODUCTS_DIR}/${EXECUTABLE_PATH}\" \"${UFW_OTHER_BUILT_PRODUCTS_DIR}/${EXECUTABLE_PATH}\" -o \"${BUILT_PRODUCTS_DIR}/${EXECUTABLE_PATH}.temp\"\n    \"$PLATFORM_DEVELOPER_BIN_DIR/libtool\" -static \"${BUILT_PRODUCTS_DIR}/${EXECUTABLE_PATH}\" \"${UFW_OTHER_BUILT_PRODUCTS_DIR}/${EXECUTABLE_PATH}\" -o \"${BUILT_PRODUCTS_DIR}/${EXECUTABLE_PATH}.temp\"\n    \n    echo mv \"${BUILT_PRODUCTS_DIR}/${EXECUTABLE_PATH}.temp\" \"${BUILT_PRODUCTS_DIR}/${EXECUTABLE_PATH}\"\n    mv \"${BUILT_PRODUCTS_DIR}/${EXECUTABLE_PATH}.temp\" \"${BUILT_PRODUCTS_DIR}/${EXECUTABLE_PATH}\"\nfi\n\n# Build embedded framework structure\n\necho \"Build Embedded Framework\"\n\necho rm -rf \"${BUILT_PRODUCTS_DIR}/${PRODUCT_NAME}.embeddedframework\"\nrm -rf \"${BUILT_PRODUCTS_DIR}/${PRODUCT_NAME}.embeddedframework\"\necho mkdir -p \"${BUILT_PRODUCTS_DIR}/${PRODUCT_NAME}.embeddedframework/Resources\"\nmkdir -p \"${BUILT_PRODUCTS_DIR}/${PRODUCT_NAME}.embeddedframework/Resources\"\necho cp -a \"${BUILT_PRODUCTS_DIR}/${WRAPPER_NAME}\" \"${BUILT_PRODUCTS_DIR}/${PRODUCT_NAME}.embeddedframework/\"\ncp -a \"${BUILT_PRODUCTS_DIR}/${WRAPPER_NAME}\" \"${BUILT_PRODUCTS_DIR}/${PRODUCT_NAME}.embeddedframework/\"\n\ndeclare -a UFW_FILE_LIST\nlist_files \"${BUILT_PRODUCTS_DIR}/${UNLOCALIZED_RESOURCES_FOLDER_PATH}\" UFW_FILE_LIST\nfor filename in \"${UFW_FILE_LIST[@]}\"\ndo\n    if [[ \"${filename}\" != \"Info.plist\" ]] && [[ ! \"${filename}\" =~ .*\\.lproj$ ]]\n    then\n        echo ln -sfh \"../${WRAPPER_NAME}/Resources/${filename}\" \"${BUILT_PRODUCTS_DIR}/${PRODUCT_NAME}.embeddedframework/Resources/${filename}\"\n        ln -sfh \"../${WRAPPER_NAME}/Resources/${filename}\" \"${BUILT_PRODUCTS_DIR}/${PRODUCT_NAME}.embeddedframework/Resources/${filename}\"\n    fi\ndone\n\n\nif [ \"${ONLY_ACTIVE_PLATFORM}\" != \"YES\" ]\nthen\n    # Replace other platform's framework with a copy of this one (so that both have the same universal binary)\n    \n    echo \"Copy from $UFW_SDK_PLATFORM to $UFW_OTHER_PLATFORM\"\n    \n    echo rm -rf \"${BUILD_DIR}/${CONFIGURATION}-${UFW_OTHER_PLATFORM}\"\n    rm -rf \"${BUILD_DIR}/${CONFIGURATION}-${UFW_OTHER_PLATFORM}\"\n    echo cp -a \"${BUILD_DIR}/${CONFIGURATION}-${UFW_SDK_PLATFORM}\" \"${BUILD_DIR}/${CONFIGURATION}-${UFW_OTHER_PLATFORM}\"\n    cp -a \"${BUILD_DIR}/${CONFIGURATION}-${UFW_SDK_PLATFORM}\" \"${BUILD_DIR}/${CONFIGURATION}-${UFW_OTHER_PLATFORM}\"\nfi\n";
		};
		8B8348E31748F4C7008C062B /* ShellScript */ = {
			isa = PBXShellScriptBuildPhase;
			buildActionMask = 2147483647;
			files = (
			);
			inputPaths = (
			);
			outputPaths = (
			);
			runOnlyForDeploymentPostprocessing = 0;
			shellPath = /bin/sh;
			shellScript = "# Run the unit tests in this test bundle.\n\"${SYSTEM_DEVELOPER_DIR}/Tools/RunUnitTests\"\n";
		};
/* End PBXShellScriptBuildPhase section */

/* Begin PBXSourcesBuildPhase section */
		8B8348CD1748F4C7008C062B /* Sources */ = {
			isa = PBXSourcesBuildPhase;
			buildActionMask = 2147483647;
			files = (
			);
			runOnlyForDeploymentPostprocessing = 0;
		};
		8B8348E01748F4C7008C062B /* Sources */ = {
			isa = PBXSourcesBuildPhase;
			buildActionMask = 2147483647;
			files = (
				8B8348F81748F4C7008C062B /* icu4c_iosTests.m in Sources */,
			);
			runOnlyForDeploymentPostprocessing = 0;
		};
/* End PBXSourcesBuildPhase section */

/* Begin PBXTargetDependency section */
		8B8348EC1748F4C7008C062B /* PBXTargetDependency */ = {
			isa = PBXTargetDependency;
			target = 8B8348D31748F4C7008C062B /* icu4c_ios */;
			targetProxy = 8B8348EB1748F4C7008C062B /* PBXContainerItemProxy */;
		};
		8B8348EE1748F4C7008C062B /* PBXTargetDependency */ = {
			isa = PBXTargetDependency;
			target = 8B8348D31748F4C7008C062B /* icu4c_ios */;
			targetProxy = 8B8348ED1748F4C7008C062B /* PBXContainerItemProxy */;
		};
/* End PBXTargetDependency section */

/* Begin PBXVariantGroup section */
		8B8348DC1748F4C7008C062B /* InfoPlist.strings */ = {
			isa = PBXVariantGroup;
			children = (
				8B8348DD1748F4C7008C062B /* en */,
			);
			name = InfoPlist.strings;
			sourceTree = "<group>";
		};
		8B8348F31748F4C7008C062B /* InfoPlist.strings */ = {
			isa = PBXVariantGroup;
			children = (
				8B8348F41748F4C7008C062B /* en */,
			);
			name = InfoPlist.strings;
			sourceTree = "<group>";
		};
/* End PBXVariantGroup section */

/* Begin XCBuildConfiguration section */
		8B8348F91748F4C7008C062B /* Debug */ = {
			isa = XCBuildConfiguration;
			buildSettings = {
				ALWAYS_SEARCH_USER_PATHS = NO;
				CLANG_CXX_LANGUAGE_STANDARD = "gnu++0x";
				CLANG_CXX_LIBRARY = "libc++";
				CLANG_WARN_CONSTANT_CONVERSION = YES;
				CLANG_WARN_EMPTY_BODY = YES;
				CLANG_WARN_ENUM_CONVERSION = YES;
				CLANG_WARN_INT_CONVERSION = YES;
				CLANG_WARN__DUPLICATE_METHOD_MATCH = YES;
				COPY_PHASE_STRIP = NO;
				GCC_C_LANGUAGE_STANDARD = gnu99;
				GCC_DYNAMIC_NO_PIC = NO;
				GCC_OPTIMIZATION_LEVEL = 0;
				GCC_PREPROCESSOR_DEFINITIONS = (
					"DEBUG=1",
					"$(inherited)",
				);
				GCC_SYMBOLS_PRIVATE_EXTERN = NO;
				GCC_WARN_ABOUT_RETURN_TYPE = YES;
				GCC_WARN_UNINITIALIZED_AUTOS = YES;
				GCC_WARN_UNUSED_VARIABLE = YES;
				IPHONEOS_DEPLOYMENT_TARGET = 6.1;
				ONLY_ACTIVE_ARCH = YES;
				SDKROOT = iphoneos;
			};
			name = Debug;
		};
		8B8348FA1748F4C7008C062B /* Release */ = {
			isa = XCBuildConfiguration;
			buildSettings = {
				ALWAYS_SEARCH_USER_PATHS = NO;
				CLANG_CXX_LANGUAGE_STANDARD = "gnu++0x";
				CLANG_CXX_LIBRARY = "libc++";
				CLANG_WARN_CONSTANT_CONVERSION = YES;
				CLANG_WARN_EMPTY_BODY = YES;
				CLANG_WARN_ENUM_CONVERSION = YES;
				CLANG_WARN_INT_CONVERSION = YES;
				CLANG_WARN__DUPLICATE_METHOD_MATCH = YES;
				COPY_PHASE_STRIP = YES;
				GCC_C_LANGUAGE_STANDARD = gnu99;
				GCC_WARN_ABOUT_RETURN_TYPE = YES;
				GCC_WARN_UNINITIALIZED_AUTOS = YES;
				GCC_WARN_UNUSED_VARIABLE = YES;
				IPHONEOS_DEPLOYMENT_TARGET = 6.1;
				SDKROOT = iphoneos;
				VALIDATE_PRODUCT = YES;
			};
			name = Release;
		};
		8B8348FC1748F4C7008C062B /* Debug */ = {
			isa = XCBuildConfiguration;
			buildSettings = {
				ARCHS = (
					armv6,
					"$(ARCHS_STANDARD_32_BIT)",
				);
				DYLIB_COMPATIBILITY_VERSION = 1;
				DYLIB_CURRENT_VERSION = 1;
				FRAMEWORK_VERSION = A;
				GCC_PRECOMPILE_PREFIX_HEADER = YES;
				GCC_PREFIX_HEADER = "icu4c_ios/icu4c_ios-Prefix.pch";
				INFOPLIST_FILE = "icu4c_ios/icu4c_ios-Info.plist";
				PRODUCT_NAME = "$(TARGET_NAME)";
				SKIP_INSTALL = YES;
				WRAPPER_EXTENSION = framework;
			};
			name = Debug;
		};
		8B8348FD1748F4C7008C062B /* Release */ = {
			isa = XCBuildConfiguration;
			buildSettings = {
				ARCHS = (
					armv6,
					"$(ARCHS_STANDARD_32_BIT)",
				);
				DYLIB_COMPATIBILITY_VERSION = 1;
				DYLIB_CURRENT_VERSION = 1;
				FRAMEWORK_VERSION = A;
				GCC_PRECOMPILE_PREFIX_HEADER = YES;
				GCC_PREFIX_HEADER = "icu4c_ios/icu4c_ios-Prefix.pch";
				INFOPLIST_FILE = "icu4c_ios/icu4c_ios-Info.plist";
				PRODUCT_NAME = "$(TARGET_NAME)";
				SKIP_INSTALL = YES;
				WRAPPER_EXTENSION = framework;
			};
			name = Release;
		};
		8B8348FF1748F4C7008C062B /* Debug */ = {
			isa = XCBuildConfiguration;
			buildSettings = {
				FRAMEWORK_SEARCH_PATHS = (
					"\"$(SDKROOT)/Developer/Library/Frameworks\"",
					"\"$(DEVELOPER_LIBRARY_DIR)/Frameworks\"",
				);
				GCC_PRECOMPILE_PREFIX_HEADER = YES;
				GCC_PREFIX_HEADER = "icu4c_ios/icu4c_ios-Prefix.pch";
				INFOPLIST_FILE = "icu4c_iosTests/icu4c_iosTests-Info.plist";
				PRODUCT_NAME = "$(TARGET_NAME)";
				WRAPPER_EXTENSION = octest;
			};
			name = Debug;
		};
		8B8349001748F4C7008C062B /* Release */ = {
			isa = XCBuildConfiguration;
			buildSettings = {
				FRAMEWORK_SEARCH_PATHS = (
					"\"$(SDKROOT)/Developer/Library/Frameworks\"",
					"\"$(DEVELOPER_LIBRARY_DIR)/Frameworks\"",
				);
				GCC_PRECOMPILE_PREFIX_HEADER = YES;
				GCC_PREFIX_HEADER = "icu4c_ios/icu4c_ios-Prefix.pch";
				INFOPLIST_FILE = "icu4c_iosTests/icu4c_iosTests-Info.plist";
				PRODUCT_NAME = "$(TARGET_NAME)";
				WRAPPER_EXTENSION = octest;
			};
			name = Release;
		};
/* End XCBuildConfiguration section */

/* Begin XCConfigurationList section */
		8B8348CB1748F4C7008C062B /* Build configuration list for PBXProject "icu4c_ios" */ = {
			isa = XCConfigurationList;
			buildConfigurations = (
				8B8348F91748F4C7008C062B /* Debug */,
				8B8348FA1748F4C7008C062B /* Release */,
			);
			defaultConfigurationIsVisible = 0;
			defaultConfigurationName = Release;
		};
		8B8348FB1748F4C7008C062B /* Build configuration list for PBXNativeTarget "icu4c_ios" */ = {
			isa = XCConfigurationList;
			buildConfigurations = (
				8B8348FC1748F4C7008C062B /* Debug */,
				8B8348FD1748F4C7008C062B /* Release */,
			);
			defaultConfigurationIsVisible = 0;
		};
		8B8348FE1748F4C7008C062B /* Build configuration list for PBXNativeTarget "icu4c_iosTests" */ = {
			isa = XCConfigurationList;
			buildConfigurations = (
				8B8348FF1748F4C7008C062B /* Debug */,
				8B8349001748F4C7008C062B /* Release */,
			);
			defaultConfigurationIsVisible = 0;
		};
/* End XCConfigurationList section */
	};
	rootObject = 8B8348C81748F4C7008C062B /* Project object */;
}
